{
  "version": 4,
  "terraform_version": "1.3.7",
  "serial": 48,
  "lineage": "f3fbd534-a88b-1851-2f68-e945db52c556",
  "outputs": {},
  "resources": [
    {
      "module": "module.Nat",
      "mode": "managed",
      "type": "aws_eip",
      "name": "nat_gateway",
      "provider": "provider[\"registry.terraform.io/hashicorp/aws\"]",
      "instances": [
        {
          "schema_version": 0,
          "attributes": {
            "address": null,
            "allocation_id": "eipalloc-0b18ea5cf42f30582",
            "associate_with_private_ip": null,
            "association_id": "",
            "carrier_ip": "",
            "customer_owned_ip": "",
            "customer_owned_ipv4_pool": "",
            "domain": "vpc",
            "id": "eipalloc-0b18ea5cf42f30582",
            "instance": "",
            "network_border_group": "us-east-2",
            "network_interface": "",
            "private_dns": null,
            "private_ip": "",
            "public_dns": "ec2-18-191-43-39.us-east-2.compute.amazonaws.com",
            "public_ip": "18.191.43.39",
            "public_ipv4_pool": "amazon",
            "tags": null,
            "tags_all": {},
            "timeouts": null,
            "vpc": true
          },
          "sensitive_attributes": [],
          "private": "eyJlMmJmYjczMC1lY2FhLTExZTYtOGY4OC0zNDM2M2JjN2M0YzAiOnsiZGVsZXRlIjoxODAwMDAwMDAwMDAsInJlYWQiOjkwMDAwMDAwMDAwMCwidXBkYXRlIjozMDAwMDAwMDAwMDB9fQ=="
        }
      ]
    },
    {
      "module": "module.Nat",
      "mode": "managed",
      "type": "aws_nat_gateway",
      "name": "nat_gateway",
      "provider": "provider[\"registry.terraform.io/hashicorp/aws\"]",
      "instances": [
        {
          "schema_version": 0,
          "attributes": {
            "allocation_id": "eipalloc-0b18ea5cf42f30582",
            "connectivity_type": "public",
            "id": "nat-080295f24b65f1fad",
            "network_interface_id": "eni-078910b2914557cc7",
            "private_ip": "10.0.1.190",
            "public_ip": "18.191.43.39",
            "subnet_id": "subnet-0b51833d6c6664db4",
            "tags": {
              "Name": "es-nat-gw"
            },
            "tags_all": {
              "Name": "es-nat-gw"
            }
          },
          "sensitive_attributes": [],
          "private": "bnVsbA==",
          "dependencies": [
            "module.Nat.aws_eip.nat_gateway",
            "module.pub-subnet.aws_subnet.my_public_subnet",
            "module.vpc.aws_vpc.my_vpc"
          ]
        }
      ]
    },
    {
      "module": "module.access_key",
      "mode": "managed",
      "type": "aws_key_pair",
      "name": "keypair",
      "provider": "provider[\"registry.terraform.io/hashicorp/aws\"]",
      "instances": [
        {
          "schema_version": 1,
          "attributes": {
            "arn": "arn:aws:ec2:us-east-2:491633407585:key-pair/terraform-20230130070802727700000001",
            "fingerprint": "9a:ca:e0:4a:e6:66:8c:bf:17:e0:a7:f3:bb:76:51:81",
            "id": "terraform-20230130070802727700000001",
            "key_name": "terraform-20230130070802727700000001",
            "key_name_prefix": "terraform-",
            "key_pair_id": "key-0f0e439afbcda378a",
            "key_type": "rsa",
            "public_key": "ssh-rsa AAAAB3NzaC1yc2EAAAADAQABAAACAQDizKECo/4rFXYpsqdc04FZWD+/WW1YSKrqlvP3lcPumL2KfcAGJcbCAlb6aktqv4yJyufhMUk/lh943o5cK+Mxp8UqvvQd9B4ZIbyf2n5Tdsuwy+bs05dN1MC0BVa8RZcWkemek6P7QbJZzDk4xCRZdxejckbUhci25vmxyzBryGTHme6yeAVD/55cafuUSjy//J2YQsM0iq6Z7ji8AJOYCG7LLtIVn2S/qhRfbNHRZEvnVGJSV4IrS5rd0u92lkzOXnFTXHENtBp778OfvLGCWMpn7gnQ12A5FTuTTZS7SuExfxuo/XShNdlA1RUYy4UEzIGRikXRI7vIJPr2r6ZjqMJ9dn/OGBRvM1ay5RnfKDhBhmEyxyiPEwFZa5h4u5lnDt7plql/Rpb5HvabtFTQjo6MgAgLWidr9wFg5Om/rHkS/qwa1/56Ej9ZuiDwQeF5nVv/pBcRyc2DONJTJtowvStlBAq+j89jmosld65aB1TNlmLKgn0JLlOWt0+r2cSSNfMkgKI3LBWlUQU41GjONU69SdgDKbPdqMWOePKAsCLfaO3amgr/bWN/jEAHVhdGoCi8CEEbrMQ/DkBg6rxpL5blG6T95qUpBWpkN35bxc6Es7wGuAdFtY2XPr6lpT1EBB4xbemoDTs+g3NosXeQFvVh7BV535UP8N3V0/d7sQ==",
            "tags": null,
            "tags_all": {}
          },
          "sensitive_attributes": [],
          "private": "eyJzY2hlbWFfdmVyc2lvbiI6IjEifQ==",
          "dependencies": [
            "module.access_key.tls_private_key.rsa"
          ]
        }
      ]
    },
    {
      "module": "module.access_key",
      "mode": "managed",
      "type": "tls_private_key",
      "name": "rsa",
      "provider": "provider[\"registry.terraform.io/hashicorp/tls\"]",
      "instances": [
        {
          "schema_version": 1,
          "attributes": {
            "algorithm": "RSA",
            "ecdsa_curve": "P224",
            "id": "7411b7ccd84fd1fe266f87e3afe1aa5112868532",
            "private_key_openssh": "-----BEGIN OPENSSH PRIVATE KEY-----\nb3BlbnNzaC1rZXktdjEAAAAABG5vbmUAAAAEbm9uZQAAAAAAAAABAAACFwAAAAdz\nc2gtcnNhAAAAAwEAAQAAAgEA4syhAqP+KxV2KbKnXNOBWVg/v1ltWEiq6pbz95XD\n7pi9in3ABiXGwgJW+mpLar+Micrn4TFJP5YfeN6OXCvjMafFKr70HfQeGSG8n9p+\nU3bLsMvm7NOXTdTAtAVWvEWXFpHpnpOj+0GyWcw5OMQkWXcXo3JG1IXItub5scsw\na8hkx5nusngFQ/+eXGn7lEo8v/ydmELDNIqume44vACTmAhuyy7SFZ9kv6oUX2zR\n0WRL51RiUleCK0ua3dLvdpZMzl5xU1xxDbQae+/Dn7yxgljKZ+4J0NdgORU7k02U\nu0rhMX8bqP10oTXZQNUVGMuFBMyBkYpF0SO7yCT69q+mY6jCfXZ/zhgUbzNWsuUZ\n3yg4QYZhMscojxMBWWuYeLuZZw7e6Zapf0aW+R72m7RU0I6OjIAIC1ona/cBYOTp\nv6x5Ev6sGtf+ehI/Wbog8EHheZ1b/6QXEcnNgzjSUybaML0rZQQKvo/PY5qLJXeu\nWgdUzZZiyoJ9CS5TlrdPq9nEkjXzJICiNywVpVEFONRozjVOvUnYAymz3ajFjnjy\ngLAi32jt2poK/21jf4xAB1YXRqAovAhBG6zEPw5AYOq8aS+W5Ruk/ealKQVqZDd+\nW8XOhLO8BrgHRbWNlz6+paU9RAQeMW3pqA07PoNzaLF3kBb1YewVed+VD/Dd1dP3\ne7EAAAc4wThV2ME4VdgAAAAHc3NoLXJzYQAAAgEA4syhAqP+KxV2KbKnXNOBWVg/\nv1ltWEiq6pbz95XD7pi9in3ABiXGwgJW+mpLar+Micrn4TFJP5YfeN6OXCvjMafF\nKr70HfQeGSG8n9p+U3bLsMvm7NOXTdTAtAVWvEWXFpHpnpOj+0GyWcw5OMQkWXcX\no3JG1IXItub5scswa8hkx5nusngFQ/+eXGn7lEo8v/ydmELDNIqume44vACTmAhu\nyy7SFZ9kv6oUX2zR0WRL51RiUleCK0ua3dLvdpZMzl5xU1xxDbQae+/Dn7yxgljK\nZ+4J0NdgORU7k02Uu0rhMX8bqP10oTXZQNUVGMuFBMyBkYpF0SO7yCT69q+mY6jC\nfXZ/zhgUbzNWsuUZ3yg4QYZhMscojxMBWWuYeLuZZw7e6Zapf0aW+R72m7RU0I6O\njIAIC1ona/cBYOTpv6x5Ev6sGtf+ehI/Wbog8EHheZ1b/6QXEcnNgzjSUybaML0r\nZQQKvo/PY5qLJXeuWgdUzZZiyoJ9CS5TlrdPq9nEkjXzJICiNywVpVEFONRozjVO\nvUnYAymz3ajFjnjygLAi32jt2poK/21jf4xAB1YXRqAovAhBG6zEPw5AYOq8aS+W\n5Ruk/ealKQVqZDd+W8XOhLO8BrgHRbWNlz6+paU9RAQeMW3pqA07PoNzaLF3kBb1\nYewVed+VD/Dd1dP3e7EAAAADAQABAAACAExIXWOA+y1Mk6jkwSwUq638Y7ydfIy0\nLGCpEzfUNMmcsCvTrfGjZR2+IbkqZWFrOf7is2ln5WYwvTcvTByuWkVKU6PUBFHK\n2RDE6yetGs5B57L4chx38q0oAQTLwueiVHYv7675o68P4sgXS6vPNRauWtILzs0O\njnsOZy+o0wl9poAIQ2PdwI+le4ND1m2DJrnAYtVipzuV5bI6kPSTERGSzIkkn17M\ndNuOfjm2ZUAThwAwvr1JV6vuSxGPMCHn3b+Pvng2YIQmbr3+4AJrOh1IdhPM2ZpX\nxrKMdLRP5NW2EtZOFWSak07hyMfoo6bqVTxO+MmWA3ObnD5uSccNP14lvCWiVhqV\nIgc8Td2yrwbMIhx96hNvLxskVSOvhcQnv3M+guAFF7ct1Jww2jZcIVj7HTsAt+l6\nIg3zAENa/i5UuTPsdUu67J5aG1VBZtupNEuWKOZSsjOWclNseZFG6Q0yLJcCj1D2\nCCnAP1ow8fl8F0zc6Nmi3PtGaSsHKs2c6QtEa01dPT4RG9TmA51cTtQ+SQ7/66rx\nPJj2xAVnQg+bPyK/VVIth+nRZ4cAB97B7Po3YkIMK5Q1WP+kE+Bz/yqj6QYUgogM\ns3f12O3CIYgHiuN/jwjLrS/JZDjHkfL/x30tq1OJBitOkzdL683JqIfXHd2A335j\naBAN2a8mpPE9AAABAQCnx49SfdzqMxue48ZE2Vslywhl4wNDVoafd8keXLOgG8qt\nNEi/YbcKv6hgJS5ESCN8WDU20D3iHK/OJ5dY+ISaAbcdBuBtqjel2lI6425GMApL\nOiKzXq08H+kugIrr1z4Bdx6t3VA6vXp2vJO+Of8eBgQ/llViO/3aT3lDpdar+Wwp\nwWyiEXNE1CswanWarwZahiT8pk51cqMTO9LKO8iwftOrxaOBVwT+Pym5rNNh6joy\n07QeoC7AVhXQnqZLA7yQZwaEseYuskq9EDSD/FZzrEDi96ROCQrJHWf3Qywg36rN\nbkpSGCbdQe2CCv379HyrfBZNp2mk1DWrfQL503rdAAABAQDzf8gH7fdXHFfBIlnO\n8ouxdMW2L2lhMljfWu0hHnSxSoBv1deR6rCobbvzoKrF7xhlhWjWCKbPT8sF31dr\nlw3E8+ALV2bxfz3F9Aq7EmPTd8ay49qMMvmNv2eBpeQVzOgnz72BjfcYWh7qrDgO\nuw7QpkykHWgiT/48dEyBCcA1FhfL0BXAOiAwdntffQXENU/SIOQTA0+Q6inVtc0g\nc4W5CretFFyfQVBwxdDVVCjCCcA8Iq1HHM+GvMHf7YxcTJ+8MkSq+ySsVR0Hu5T+\nnk1YZGtZHawwpSTamYLE5vvarHlP9BTYElyAilXiDlRXKmiC6zP48eMf5Mhnx4Aw\nKw6jAAABAQDucV4+Fe8DESZLzvvhaFVvtxWov3UvQVBB+mO8TvqyaLHlSPxe/JC+\n2CnokGbgKZInr6GmUSyEe8N97z8Ob63LU+cy0fomHNRqv7VH622YpvyTejHlcl7Q\nnjw/ad9+MXtp7+Ccw+4W8nRbN7VwtNSdNacGb4kZVkgBQVPNDid67zXvX7fi/yUo\nuvp96XuXba7xXJcWEpSrtj9J6nwr5OdGx1jveLWiUFn+ijCnQYvAhk4wINhovi+L\ngc3iJ7bWp6QojAI+gjFoWtcBeF6Cx/2w9eFwy2MmSBu9EkYFsoQhna7375x7hyI+\nJEq9uCrDAaj1Zoknp/JewXZZ52pR6NWbAAAAAAEC\n-----END OPENSSH PRIVATE KEY-----\n",
            "private_key_pem": "-----BEGIN RSA PRIVATE KEY-----\nMIIJKAIBAAKCAgEA4syhAqP+KxV2KbKnXNOBWVg/v1ltWEiq6pbz95XD7pi9in3A\nBiXGwgJW+mpLar+Micrn4TFJP5YfeN6OXCvjMafFKr70HfQeGSG8n9p+U3bLsMvm\n7NOXTdTAtAVWvEWXFpHpnpOj+0GyWcw5OMQkWXcXo3JG1IXItub5scswa8hkx5nu\nsngFQ/+eXGn7lEo8v/ydmELDNIqume44vACTmAhuyy7SFZ9kv6oUX2zR0WRL51Ri\nUleCK0ua3dLvdpZMzl5xU1xxDbQae+/Dn7yxgljKZ+4J0NdgORU7k02Uu0rhMX8b\nqP10oTXZQNUVGMuFBMyBkYpF0SO7yCT69q+mY6jCfXZ/zhgUbzNWsuUZ3yg4QYZh\nMscojxMBWWuYeLuZZw7e6Zapf0aW+R72m7RU0I6OjIAIC1ona/cBYOTpv6x5Ev6s\nGtf+ehI/Wbog8EHheZ1b/6QXEcnNgzjSUybaML0rZQQKvo/PY5qLJXeuWgdUzZZi\nyoJ9CS5TlrdPq9nEkjXzJICiNywVpVEFONRozjVOvUnYAymz3ajFjnjygLAi32jt\n2poK/21jf4xAB1YXRqAovAhBG6zEPw5AYOq8aS+W5Ruk/ealKQVqZDd+W8XOhLO8\nBrgHRbWNlz6+paU9RAQeMW3pqA07PoNzaLF3kBb1YewVed+VD/Dd1dP3e7ECAwEA\nAQKCAgBMSF1jgPstTJOo5MEsFKut/GO8nXyMtCxgqRM31DTJnLAr063xo2UdviG5\nKmVhazn+4rNpZ+VmML03L0wcrlpFSlOj1ARRytkQxOsnrRrOQeey+HIcd/KtKAEE\ny8LnolR2L++u+aOvD+LIF0urzzUWrlrSC87NDo57DmcvqNMJfaaACENj3cCPpXuD\nQ9Ztgya5wGLVYqc7leWyOpD0kxERksyJJJ9ezHTbjn45tmVAE4cAML69SVer7ksR\njzAh592/j754NmCEJm69/uACazodSHYTzNmaV8ayjHS0T+TVthLWThVkmpNO4cjH\n6KOm6lU8TvjJlgNzm5w+bknHDT9eJbwlolYalSIHPE3dsq8GzCIcfeoTby8bJFUj\nr4XEJ79zPoLgBRe3LdScMNo2XCFY+x07ALfpeiIN8wBDWv4uVLkz7HVLuuyeWhtV\nQWbbqTRLlijmUrIzlnJTbHmRRukNMiyXAo9Q9ggpwD9aMPH5fBdM3OjZotz7Rmkr\nByrNnOkLRGtNXT0+ERvU5gOdXE7UPkkO/+uq8TyY9sQFZ0IPmz8iv1VSLYfp0WeH\nAAfewez6N2JCDCuUNVj/pBPgc/8qo+kGFIKIDLN39djtwiGIB4rjf48Iy60vyWQ4\nx5Hy/8d9LatTiQYrTpM3S+vNyaiH1x3dgN9+Y2gQDdmvJqTxPQKCAQEA83/IB+33\nVxxXwSJZzvKLsXTFti9pYTJY31rtIR50sUqAb9XXkeqwqG2786Cqxe8YZYVo1gim\nz0/LBd9Xa5cNxPPgC1dm8X89xfQKuxJj03fGsuPajDL5jb9ngaXkFczoJ8+9gY33\nGFoe6qw4DrsO0KZMpB1oIk/+PHRMgQnANRYXy9AVwDogMHZ7X30FxDVP0iDkEwNP\nkOop1bXNIHOFuQq3rRRcn0FQcMXQ1VQowgnAPCKtRxzPhrzB3+2MXEyfvDJEqvsk\nrFUdB7uU/p5NWGRrWR2sMKUk2pmCxOb72qx5T/QU2BJcgIpV4g5UVypogusz+PHj\nH+TIZ8eAMCsOowKCAQEA7nFePhXvAxEmS8774WhVb7cVqL91L0FQQfpjvE76smix\n5Uj8XvyQvtgp6JBm4CmSJ6+hplEshHvDfe8/Dm+ty1PnMtH6JhzUar+1R+ttmKb8\nk3ox5XJe0J48P2nffjF7ae/gnMPuFvJ0Wze1cLTUnTWnBm+JGVZIAUFTzQ4neu81\n71+34v8lKLr6fel7l22u8VyXFhKUq7Y/Sep8K+TnRsdY73i1olBZ/oowp0GLwIZO\nMCDYaL4vi4HN4ie21qekKIwCPoIxaFrXAXhegsf9sPXhcMtjJkgbvRJGBbKEIZ2u\n9++ce4ciPiRKvbgqwwGo9WaJJ6fyXsF2WedqUejVmwKCAQAYztr9W9RITr3uEmbd\n+74ZvVDrZ9cvrOZ7ExN3vVecPH/rZPkKh8Op1UxB3QupENwGc9ojfEwqcPG5TnDk\nqEYh28rmvOfjENilU2DIgG4lPF3FGgvJHuRn+ak8/z7GrdK1Q6gGDAWxuHTP6e3o\nKkyvG1JRoiFa5ZV8aUjmGK05e1+/RxsAM6vV5CxbpSwyOlBAk1NJUJwJoqHSgSw9\n8ycbnCjsfFeXbhsY8j59jY59fmrUdZ/7z8ag7pg+DUCwoqnfjauLU/z/hchoYkci\nzdQJfmmlca16Y0jm8J7vGq1sMQhHChIZlX1RJ0bquhUDsHFnbTklUteWB0QXtq6r\nuadLAoIBAGrfCTyOnCglwaJszVyEZPbDesO9vIpHne9UiOtYAumAH2wDQIpabY38\nWRxRzKpgN4/uGmfvLiLbTg3d88dGqwDdRFz03EfE2DhYYKoxjVfEUKTROhf7ISAk\nLCDIFVH8X7Jlv6jD8Kz8Usanu30er8UezRQHXc2rbG6TlznrRCrHmMcHgeYOMduF\nosxYn/qJQMYRl+5euaAU+Vzp6mnKGRcSNnxvAAoWNZ/u1EvDBx5tlBHiRtz7kVfY\nAC2DW2HulZdO2Zqmw/pf7MpN5x57AOwV6MujfXclDrm5vQTEtJBUmp2qGdsMAH8V\nySIrr47j6ZTENmk9z1ZFJAS7wl2gHE0CggEBAKfHj1J93OozG57jxkTZWyXLCGXj\nA0NWhp93yR5cs6Abyq00SL9htwq/qGAlLkRII3xYNTbQPeIcr84nl1j4hJoBtx0G\n4G2qN6XaUjrjbkYwCks6IrNerTwf6S6AiuvXPgF3Hq3dUDq9ena8k745/x4GBD+W\nVWI7/dpPeUOl1qv5bCnBbKIRc0TUKzBqdZqvBlqGJPymTnVyoxM70so7yLB+06vF\no4FXBP4/Kbms02HqOjLTtB6gLsBWFdCepksDvJBnBoSx5i6ySr0QNIP8VnOsQOL3\npE4JCskdZ/dDLCDfqs1uSlIYJt1B7YIK/fv0fKt8Fk2naaTUNat9AvnTet0=\n-----END RSA PRIVATE KEY-----\n",
            "private_key_pem_pkcs8": "-----BEGIN PRIVATE KEY-----\nMIIJQgIBADANBgkqhkiG9w0BAQEFAASCCSwwggkoAgEAAoICAQDizKECo/4rFXYp\nsqdc04FZWD+/WW1YSKrqlvP3lcPumL2KfcAGJcbCAlb6aktqv4yJyufhMUk/lh94\n3o5cK+Mxp8UqvvQd9B4ZIbyf2n5Tdsuwy+bs05dN1MC0BVa8RZcWkemek6P7QbJZ\nzDk4xCRZdxejckbUhci25vmxyzBryGTHme6yeAVD/55cafuUSjy//J2YQsM0iq6Z\n7ji8AJOYCG7LLtIVn2S/qhRfbNHRZEvnVGJSV4IrS5rd0u92lkzOXnFTXHENtBp7\n78OfvLGCWMpn7gnQ12A5FTuTTZS7SuExfxuo/XShNdlA1RUYy4UEzIGRikXRI7vI\nJPr2r6ZjqMJ9dn/OGBRvM1ay5RnfKDhBhmEyxyiPEwFZa5h4u5lnDt7plql/Rpb5\nHvabtFTQjo6MgAgLWidr9wFg5Om/rHkS/qwa1/56Ej9ZuiDwQeF5nVv/pBcRyc2D\nONJTJtowvStlBAq+j89jmosld65aB1TNlmLKgn0JLlOWt0+r2cSSNfMkgKI3LBWl\nUQU41GjONU69SdgDKbPdqMWOePKAsCLfaO3amgr/bWN/jEAHVhdGoCi8CEEbrMQ/\nDkBg6rxpL5blG6T95qUpBWpkN35bxc6Es7wGuAdFtY2XPr6lpT1EBB4xbemoDTs+\ng3NosXeQFvVh7BV535UP8N3V0/d7sQIDAQABAoICAExIXWOA+y1Mk6jkwSwUq638\nY7ydfIy0LGCpEzfUNMmcsCvTrfGjZR2+IbkqZWFrOf7is2ln5WYwvTcvTByuWkVK\nU6PUBFHK2RDE6yetGs5B57L4chx38q0oAQTLwueiVHYv7675o68P4sgXS6vPNRau\nWtILzs0OjnsOZy+o0wl9poAIQ2PdwI+le4ND1m2DJrnAYtVipzuV5bI6kPSTERGS\nzIkkn17MdNuOfjm2ZUAThwAwvr1JV6vuSxGPMCHn3b+Pvng2YIQmbr3+4AJrOh1I\ndhPM2ZpXxrKMdLRP5NW2EtZOFWSak07hyMfoo6bqVTxO+MmWA3ObnD5uSccNP14l\nvCWiVhqVIgc8Td2yrwbMIhx96hNvLxskVSOvhcQnv3M+guAFF7ct1Jww2jZcIVj7\nHTsAt+l6Ig3zAENa/i5UuTPsdUu67J5aG1VBZtupNEuWKOZSsjOWclNseZFG6Q0y\nLJcCj1D2CCnAP1ow8fl8F0zc6Nmi3PtGaSsHKs2c6QtEa01dPT4RG9TmA51cTtQ+\nSQ7/66rxPJj2xAVnQg+bPyK/VVIth+nRZ4cAB97B7Po3YkIMK5Q1WP+kE+Bz/yqj\n6QYUgogMs3f12O3CIYgHiuN/jwjLrS/JZDjHkfL/x30tq1OJBitOkzdL683JqIfX\nHd2A335jaBAN2a8mpPE9AoIBAQDzf8gH7fdXHFfBIlnO8ouxdMW2L2lhMljfWu0h\nHnSxSoBv1deR6rCobbvzoKrF7xhlhWjWCKbPT8sF31drlw3E8+ALV2bxfz3F9Aq7\nEmPTd8ay49qMMvmNv2eBpeQVzOgnz72BjfcYWh7qrDgOuw7QpkykHWgiT/48dEyB\nCcA1FhfL0BXAOiAwdntffQXENU/SIOQTA0+Q6inVtc0gc4W5CretFFyfQVBwxdDV\nVCjCCcA8Iq1HHM+GvMHf7YxcTJ+8MkSq+ySsVR0Hu5T+nk1YZGtZHawwpSTamYLE\n5vvarHlP9BTYElyAilXiDlRXKmiC6zP48eMf5Mhnx4AwKw6jAoIBAQDucV4+Fe8D\nESZLzvvhaFVvtxWov3UvQVBB+mO8TvqyaLHlSPxe/JC+2CnokGbgKZInr6GmUSyE\ne8N97z8Ob63LU+cy0fomHNRqv7VH622YpvyTejHlcl7Qnjw/ad9+MXtp7+Ccw+4W\n8nRbN7VwtNSdNacGb4kZVkgBQVPNDid67zXvX7fi/yUouvp96XuXba7xXJcWEpSr\ntj9J6nwr5OdGx1jveLWiUFn+ijCnQYvAhk4wINhovi+Lgc3iJ7bWp6QojAI+gjFo\nWtcBeF6Cx/2w9eFwy2MmSBu9EkYFsoQhna7375x7hyI+JEq9uCrDAaj1Zoknp/Je\nwXZZ52pR6NWbAoIBABjO2v1b1EhOve4SZt37vhm9UOtn1y+s5nsTE3e9V5w8f+tk\n+QqHw6nVTEHdC6kQ3AZz2iN8TCpw8blOcOSoRiHbyua85+MQ2KVTYMiAbiU8XcUa\nC8ke5Gf5qTz/Psat0rVDqAYMBbG4dM/p7egqTK8bUlGiIVrllXxpSOYYrTl7X79H\nGwAzq9XkLFulLDI6UECTU0lQnAmiodKBLD3zJxucKOx8V5duGxjyPn2Njn1+atR1\nn/vPxqDumD4NQLCiqd+Nq4tT/P+FyGhiRyLN1Al+aaVxrXpjSObwnu8arWwxCEcK\nEhmVfVEnRuq6FQOwcWdtOSVS15YHRBe2rqu5p0sCggEAat8JPI6cKCXBomzNXIRk\n9sN6w728iked71SI61gC6YAfbANAilptjfxZHFHMqmA3j+4aZ+8uIttODd3zx0ar\nAN1EXPTcR8TYOFhgqjGNV8RQpNE6F/shICQsIMgVUfxfsmW/qMPwrPxSxqe7fR6v\nxR7NFAddzatsbpOXOetEKseYxweB5g4x24WizFif+olAxhGX7l65oBT5XOnqacoZ\nFxI2fG8AChY1n+7US8MHHm2UEeJG3PuRV9gALYNbYe6Vl07ZmqbD+l/syk3nHnsA\n7BXoy6N9dyUOubm9BMS0kFSanaoZ2wwAfxXJIiuvjuPplMQ2aT3PVkUkBLvCXaAc\nTQKCAQEAp8ePUn3c6jMbnuPGRNlbJcsIZeMDQ1aGn3fJHlyzoBvKrTRIv2G3Cr+o\nYCUuREgjfFg1NtA94hyvzieXWPiEmgG3HQbgbao3pdpSOuNuRjAKSzois16tPB/p\nLoCK69c+AXcerd1QOr16dryTvjn/HgYEP5ZVYjv92k95Q6XWq/lsKcFsohFzRNQr\nMGp1mq8GWoYk/KZOdXKjEzvSyjvIsH7Tq8WjgVcE/j8puazTYeo6MtO0HqAuwFYV\n0J6mSwO8kGcGhLHmLrJKvRA0g/xWc6xA4vekTgkKyR1n90MsIN+qzW5KUhgm3UHt\nggr9+/R8q3wWTadppNQ1q30C+dN63Q==\n-----END PRIVATE KEY-----\n",
            "public_key_fingerprint_md5": "b5:c1:fd:30:ba:5b:7f:71:dc:44:fc:65:1a:96:56:be",
            "public_key_fingerprint_sha256": "SHA256:E6fjy/EyZC9+cTZNmvmNbe8MmbOF+pAF1xAEq9ZZoy8",
            "public_key_openssh": "ssh-rsa AAAAB3NzaC1yc2EAAAADAQABAAACAQDizKECo/4rFXYpsqdc04FZWD+/WW1YSKrqlvP3lcPumL2KfcAGJcbCAlb6aktqv4yJyufhMUk/lh943o5cK+Mxp8UqvvQd9B4ZIbyf2n5Tdsuwy+bs05dN1MC0BVa8RZcWkemek6P7QbJZzDk4xCRZdxejckbUhci25vmxyzBryGTHme6yeAVD/55cafuUSjy//J2YQsM0iq6Z7ji8AJOYCG7LLtIVn2S/qhRfbNHRZEvnVGJSV4IrS5rd0u92lkzOXnFTXHENtBp778OfvLGCWMpn7gnQ12A5FTuTTZS7SuExfxuo/XShNdlA1RUYy4UEzIGRikXRI7vIJPr2r6ZjqMJ9dn/OGBRvM1ay5RnfKDhBhmEyxyiPEwFZa5h4u5lnDt7plql/Rpb5HvabtFTQjo6MgAgLWidr9wFg5Om/rHkS/qwa1/56Ej9ZuiDwQeF5nVv/pBcRyc2DONJTJtowvStlBAq+j89jmosld65aB1TNlmLKgn0JLlOWt0+r2cSSNfMkgKI3LBWlUQU41GjONU69SdgDKbPdqMWOePKAsCLfaO3amgr/bWN/jEAHVhdGoCi8CEEbrMQ/DkBg6rxpL5blG6T95qUpBWpkN35bxc6Es7wGuAdFtY2XPr6lpT1EBB4xbemoDTs+g3NosXeQFvVh7BV535UP8N3V0/d7sQ==\n",
            "public_key_pem": "-----BEGIN PUBLIC KEY-----\nMIICIjANBgkqhkiG9w0BAQEFAAOCAg8AMIICCgKCAgEA4syhAqP+KxV2KbKnXNOB\nWVg/v1ltWEiq6pbz95XD7pi9in3ABiXGwgJW+mpLar+Micrn4TFJP5YfeN6OXCvj\nMafFKr70HfQeGSG8n9p+U3bLsMvm7NOXTdTAtAVWvEWXFpHpnpOj+0GyWcw5OMQk\nWXcXo3JG1IXItub5scswa8hkx5nusngFQ/+eXGn7lEo8v/ydmELDNIqume44vACT\nmAhuyy7SFZ9kv6oUX2zR0WRL51RiUleCK0ua3dLvdpZMzl5xU1xxDbQae+/Dn7yx\ngljKZ+4J0NdgORU7k02Uu0rhMX8bqP10oTXZQNUVGMuFBMyBkYpF0SO7yCT69q+m\nY6jCfXZ/zhgUbzNWsuUZ3yg4QYZhMscojxMBWWuYeLuZZw7e6Zapf0aW+R72m7RU\n0I6OjIAIC1ona/cBYOTpv6x5Ev6sGtf+ehI/Wbog8EHheZ1b/6QXEcnNgzjSUyba\nML0rZQQKvo/PY5qLJXeuWgdUzZZiyoJ9CS5TlrdPq9nEkjXzJICiNywVpVEFONRo\nzjVOvUnYAymz3ajFjnjygLAi32jt2poK/21jf4xAB1YXRqAovAhBG6zEPw5AYOq8\naS+W5Ruk/ealKQVqZDd+W8XOhLO8BrgHRbWNlz6+paU9RAQeMW3pqA07PoNzaLF3\nkBb1YewVed+VD/Dd1dP3e7ECAwEAAQ==\n-----END PUBLIC KEY-----\n",
            "rsa_bits": 4096
          },
          "sensitive_attributes": []
        }
      ]
    },
    {
      "module": "module.igw",
      "mode": "managed",
      "type": "aws_internet_gateway",
      "name": "my_igw",
      "provider": "provider[\"registry.terraform.io/hashicorp/aws\"]",
      "instances": [
        {
          "schema_version": 0,
          "attributes": {
            "arn": "arn:aws:ec2:us-east-2:491633407585:internet-gateway/igw-00933d8996281c40e",
            "id": "igw-00933d8996281c40e",
            "owner_id": "491633407585",
            "tags": {
              "Name": "My Internet Gateway"
            },
            "tags_all": {
              "Name": "My Internet Gateway"
            },
            "timeouts": null,
            "vpc_id": "vpc-02a987fc750d14fe4"
          },
          "sensitive_attributes": [],
          "private": "eyJlMmJmYjczMC1lY2FhLTExZTYtOGY4OC0zNDM2M2JjN2M0YzAiOnsiY3JlYXRlIjoxMjAwMDAwMDAwMDAwLCJkZWxldGUiOjEyMDAwMDAwMDAwMDAsInVwZGF0ZSI6MTIwMDAwMDAwMDAwMH19",
          "dependencies": [
            "module.vpc.aws_vpc.my_vpc"
          ]
        }
      ]
    },
    {
      "module": "module.pb_sg",
      "mode": "managed",
      "type": "aws_security_group",
      "name": "sg_pb",
      "provider": "provider[\"registry.terraform.io/hashicorp/aws\"]",
      "instances": [
        {
          "status": "tainted",
          "schema_version": 1,
          "attributes": {
            "arn": null,
            "description": "security group",
            "egress": [
              {
                "cidr_blocks": [
                  "0.0.0.0/0"
                ],
                "description": "",
                "from_port": 0,
                "ipv6_cidr_blocks": [
                  "::/0"
                ],
                "prefix_list_ids": [],
                "protocol": "-1",
                "security_groups": [],
                "self": false,
                "to_port": 0
              }
            ],
            "id": "sg-0cff66d7906254bc0",
            "ingress": [
              {
                "cidr_blocks": [
                  "0.0.0.0/0"
                ],
                "description": "Traffic from VPC",
                "from_port": 22,
                "ipv6_cidr_blocks": [],
                "prefix_list_ids": [],
                "protocol": "tcp",
                "security_groups": [],
                "self": false,
                "to_port": 22
              },
              {
                "cidr_blocks": [
                  "0.0.0.0/0"
                ],
                "description": "Traffic from VPC",
                "from_port": 443,
                "ipv6_cidr_blocks": [],
                "prefix_list_ids": [],
                "protocol": "tcp",
                "security_groups": [],
                "self": false,
                "to_port": 443
              },
              {
                "cidr_blocks": [
                  "0.0.0.0/0"
                ],
                "description": "port for es",
                "from_port": 9200,
                "ipv6_cidr_blocks": [],
                "prefix_list_ids": [],
                "protocol": "tcp",
                "security_groups": [],
                "self": false,
                "to_port": 9200
              },
              {
                "cidr_blocks": [
                  "0.0.0.0/0"
                ],
                "description": "port for os-crossCluster-search ",
                "from_port": 9200,
                "ipv6_cidr_blocks": [],
                "prefix_list_ids": [],
                "protocol": "tcp",
                "security_groups": [],
                "self": false,
                "to_port": 9200
              }
            ],
            "name": "public-sg",
            "name_prefix": null,
            "owner_id": null,
            "revoke_rules_on_delete": false,
            "tags": null,
            "tags_all": null,
            "timeouts": null,
            "vpc_id": "vpc-02a987fc750d14fe4"
          },
          "sensitive_attributes": [],
          "private": "eyJlMmJmYjczMC1lY2FhLTExZTYtOGY4OC0zNDM2M2JjN2M0YzAiOnsiY3JlYXRlIjo2MDAwMDAwMDAwMDAsImRlbGV0ZSI6OTAwMDAwMDAwMDAwfSwic2NoZW1hX3ZlcnNpb24iOiIxIn0=",
          "dependencies": [
            "module.vpc.aws_vpc.my_vpc"
          ]
        }
      ]
    },
    {
      "module": "module.pri-subnet",
      "mode": "managed",
      "type": "aws_subnet",
      "name": "my_private_subnet",
      "provider": "provider[\"registry.terraform.io/hashicorp/aws\"]",
      "instances": [
        {
          "index_key": 0,
          "schema_version": 1,
          "attributes": {
            "arn": "arn:aws:ec2:us-east-2:491633407585:subnet/subnet-08c62dfec45288804",
            "assign_ipv6_address_on_creation": false,
            "availability_zone": "us-east-2b",
            "availability_zone_id": "use2-az2",
            "cidr_block": "10.0.2.0/24",
            "customer_owned_ipv4_pool": "",
            "enable_dns64": false,
            "enable_resource_name_dns_a_record_on_launch": false,
            "enable_resource_name_dns_aaaa_record_on_launch": false,
            "id": "subnet-08c62dfec45288804",
            "ipv6_cidr_block": "",
            "ipv6_cidr_block_association_id": "",
            "ipv6_native": false,
            "map_customer_owned_ip_on_launch": false,
            "map_public_ip_on_launch": false,
            "outpost_arn": "",
            "owner_id": "491633407585",
            "private_dns_hostname_type_on_launch": "ip-name",
            "tags": {
              "Name": "My private Subnet"
            },
            "tags_all": {
              "Name": "My private Subnet"
            },
            "timeouts": null,
            "vpc_id": "vpc-02a987fc750d14fe4"
          },
          "sensitive_attributes": [],
          "private": "eyJlMmJmYjczMC1lY2FhLTExZTYtOGY4OC0zNDM2M2JjN2M0YzAiOnsiY3JlYXRlIjo2MDAwMDAwMDAwMDAsImRlbGV0ZSI6MTIwMDAwMDAwMDAwMH0sInNjaGVtYV92ZXJzaW9uIjoiMSJ9",
          "dependencies": [
            "module.vpc.aws_vpc.my_vpc"
          ]
        },
        {
          "index_key": 1,
          "schema_version": 1,
          "attributes": {
            "arn": "arn:aws:ec2:us-east-2:491633407585:subnet/subnet-06ab3b2f420d205dd",
            "assign_ipv6_address_on_creation": false,
            "availability_zone": "us-east-2b",
            "availability_zone_id": "use2-az2",
            "cidr_block": "10.0.3.0/24",
            "customer_owned_ipv4_pool": "",
            "enable_dns64": false,
            "enable_resource_name_dns_a_record_on_launch": false,
            "enable_resource_name_dns_aaaa_record_on_launch": false,
            "id": "subnet-06ab3b2f420d205dd",
            "ipv6_cidr_block": "",
            "ipv6_cidr_block_association_id": "",
            "ipv6_native": false,
            "map_customer_owned_ip_on_launch": false,
            "map_public_ip_on_launch": false,
            "outpost_arn": "",
            "owner_id": "491633407585",
            "private_dns_hostname_type_on_launch": "ip-name",
            "tags": {
              "Name": "My private Subnet"
            },
            "tags_all": {
              "Name": "My private Subnet"
            },
            "timeouts": null,
            "vpc_id": "vpc-02a987fc750d14fe4"
          },
          "sensitive_attributes": [],
          "private": "eyJlMmJmYjczMC1lY2FhLTExZTYtOGY4OC0zNDM2M2JjN2M0YzAiOnsiY3JlYXRlIjo2MDAwMDAwMDAwMDAsImRlbGV0ZSI6MTIwMDAwMDAwMDAwMH0sInNjaGVtYV92ZXJzaW9uIjoiMSJ9",
          "dependencies": [
            "module.vpc.aws_vpc.my_vpc"
          ]
        }
      ]
    },
    {
      "module": "module.pub-subnet",
      "mode": "managed",
      "type": "aws_subnet",
      "name": "my_public_subnet",
      "provider": "provider[\"registry.terraform.io/hashicorp/aws\"]",
      "instances": [
        {
          "schema_version": 1,
          "attributes": {
            "arn": "arn:aws:ec2:us-east-2:491633407585:subnet/subnet-0b51833d6c6664db4",
            "assign_ipv6_address_on_creation": false,
            "availability_zone": "us-east-2a",
            "availability_zone_id": "use2-az1",
            "cidr_block": "10.0.1.0/24",
            "customer_owned_ipv4_pool": "",
            "enable_dns64": false,
            "enable_resource_name_dns_a_record_on_launch": false,
            "enable_resource_name_dns_aaaa_record_on_launch": false,
            "id": "subnet-0b51833d6c6664db4",
            "ipv6_cidr_block": "",
            "ipv6_cidr_block_association_id": "",
            "ipv6_native": false,
            "map_customer_owned_ip_on_launch": false,
            "map_public_ip_on_launch": false,
            "outpost_arn": "",
            "owner_id": "491633407585",
            "private_dns_hostname_type_on_launch": "ip-name",
            "tags": {
              "Name": "My Public Subnet"
            },
            "tags_all": {
              "Name": "My Public Subnet"
            },
            "timeouts": null,
            "vpc_id": "vpc-02a987fc750d14fe4"
          },
          "sensitive_attributes": [],
          "private": "eyJlMmJmYjczMC1lY2FhLTExZTYtOGY4OC0zNDM2M2JjN2M0YzAiOnsiY3JlYXRlIjo2MDAwMDAwMDAwMDAsImRlbGV0ZSI6MTIwMDAwMDAwMDAwMH0sInNjaGVtYV92ZXJzaW9uIjoiMSJ9",
          "dependencies": [
            "module.vpc.aws_vpc.my_vpc"
          ]
        }
      ]
    },
    {
      "module": "module.pvt_rtb",
      "mode": "managed",
      "type": "aws_route_table",
      "name": "private_routeTable",
      "provider": "provider[\"registry.terraform.io/hashicorp/aws\"]",
      "instances": [
        {
          "schema_version": 0,
          "attributes": {
            "arn": "arn:aws:ec2:us-east-2:491633407585:route-table/rtb-0d0ff33de090fbd14",
            "id": "rtb-0d0ff33de090fbd14",
            "owner_id": "491633407585",
            "propagating_vgws": [],
            "route": [
              {
                "carrier_gateway_id": "",
                "cidr_block": "0.0.0.0/0",
                "core_network_arn": "",
                "destination_prefix_list_id": "",
                "egress_only_gateway_id": "",
                "gateway_id": "igw-00933d8996281c40e",
                "instance_id": "",
                "ipv6_cidr_block": "",
                "local_gateway_id": "",
                "nat_gateway_id": "",
                "network_interface_id": "",
                "transit_gateway_id": "",
                "vpc_endpoint_id": "",
                "vpc_peering_connection_id": ""
              }
            ],
            "tags": {
              "Name": "pri-rt"
            },
            "tags_all": {
              "Name": "pri-rt"
            },
            "timeouts": null,
            "vpc_id": "vpc-02a987fc750d14fe4"
          },
          "sensitive_attributes": [],
          "private": "eyJlMmJmYjczMC1lY2FhLTExZTYtOGY4OC0zNDM2M2JjN2M0YzAiOnsiY3JlYXRlIjozMDAwMDAwMDAwMDAsImRlbGV0ZSI6MzAwMDAwMDAwMDAwLCJ1cGRhdGUiOjEyMDAwMDAwMDAwMH19",
          "dependencies": [
            "module.igw.aws_internet_gateway.my_igw",
            "module.vpc.aws_vpc.my_vpc"
          ]
        }
      ]
    },
    {
      "module": "module.route_table",
      "mode": "managed",
      "type": "aws_route_table",
      "name": "my_public_rt",
      "provider": "provider[\"registry.terraform.io/hashicorp/aws\"]",
      "instances": [
        {
          "schema_version": 0,
          "attributes": {
            "arn": "arn:aws:ec2:us-east-2:491633407585:route-table/rtb-0f41387af9395531b",
            "id": "rtb-0f41387af9395531b",
            "owner_id": "491633407585",
            "propagating_vgws": [],
            "route": [
              {
                "carrier_gateway_id": "",
                "cidr_block": "0.0.0.0/0",
                "core_network_arn": "",
                "destination_prefix_list_id": "",
                "egress_only_gateway_id": "",
                "gateway_id": "igw-00933d8996281c40e",
                "instance_id": "",
                "ipv6_cidr_block": "",
                "local_gateway_id": "",
                "nat_gateway_id": "",
                "network_interface_id": "",
                "transit_gateway_id": "",
                "vpc_endpoint_id": "",
                "vpc_peering_connection_id": ""
              }
            ],
            "tags": {
              "Name": "My Public Route Table"
            },
            "tags_all": {
              "Name": "My Public Route Table"
            },
            "timeouts": null,
            "vpc_id": "vpc-02a987fc750d14fe4"
          },
          "sensitive_attributes": [],
          "private": "eyJlMmJmYjczMC1lY2FhLTExZTYtOGY4OC0zNDM2M2JjN2M0YzAiOnsiY3JlYXRlIjozMDAwMDAwMDAwMDAsImRlbGV0ZSI6MzAwMDAwMDAwMDAwLCJ1cGRhdGUiOjEyMDAwMDAwMDAwMH19",
          "dependencies": [
            "module.igw.aws_internet_gateway.my_igw",
            "module.vpc.aws_vpc.my_vpc"
          ]
        }
      ]
    },
    {
      "module": "module.route_table",
      "mode": "managed",
      "type": "aws_route_table_association",
      "name": "public_1_rt_a",
      "provider": "provider[\"registry.terraform.io/hashicorp/aws\"]",
      "instances": [
        {
          "schema_version": 0,
          "attributes": {
            "gateway_id": "",
            "id": "rtbassoc-09be5b722acde8f50",
            "route_table_id": "rtb-0f41387af9395531b",
            "subnet_id": "subnet-0b51833d6c6664db4"
          },
          "sensitive_attributes": [],
          "private": "bnVsbA==",
          "dependencies": [
            "module.igw.aws_internet_gateway.my_igw",
            "module.pub-subnet.aws_subnet.my_public_subnet",
            "module.route_table.aws_route_table.my_public_rt",
            "module.vpc.aws_vpc.my_vpc"
          ]
        }
      ]
    },
    {
      "module": "module.vpc",
      "mode": "managed",
      "type": "aws_vpc",
      "name": "my_vpc",
      "provider": "provider[\"registry.terraform.io/hashicorp/aws\"]",
      "instances": [
        {
          "schema_version": 1,
          "attributes": {
            "arn": "arn:aws:ec2:us-east-2:491633407585:vpc/vpc-02a987fc750d14fe4",
            "assign_generated_ipv6_cidr_block": false,
            "cidr_block": "10.0.0.0/16",
            "default_network_acl_id": "acl-03996b7b0b73ca85d",
            "default_route_table_id": "rtb-0dc0bb5193112cd8e",
            "default_security_group_id": "sg-0c21fea6618b24cc6",
            "dhcp_options_id": "dopt-7befa310",
            "enable_classiclink": false,
            "enable_classiclink_dns_support": false,
            "enable_dns_hostnames": false,
            "enable_dns_support": true,
            "enable_network_address_usage_metrics": false,
            "id": "vpc-02a987fc750d14fe4",
            "instance_tenancy": "default",
            "ipv4_ipam_pool_id": null,
            "ipv4_netmask_length": null,
            "ipv6_association_id": "",
            "ipv6_cidr_block": "",
            "ipv6_cidr_block_network_border_group": "",
            "ipv6_ipam_pool_id": "",
            "ipv6_netmask_length": 0,
            "main_route_table_id": "rtb-0dc0bb5193112cd8e",
            "owner_id": "491633407585",
            "tags": {
              "Name": "es"
            },
            "tags_all": {
              "Name": "es"
            }
          },
          "sensitive_attributes": [],
          "private": "eyJzY2hlbWFfdmVyc2lvbiI6IjEifQ=="
        }
      ]
    }
  ],
  "check_results": null
}
